
Microsoft Visual Studio Solution File, Format Version 12.00
# Visual Studio Version 16
VisualStudioVersion = 16.0.30523.141
MinimumVisualStudioVersion = 10.0.40219.1
Project("{FAE04EC0-301F-11D3-BF4B-00C04F79EFBC}") = "StaticClass_Demo", "StaticClass_Demo\StaticClass_Demo.csproj", "{A3C5D0A4-BB0D-4109-98E3-8071DBF0F77F}"
EndProject
Global
	GlobalSection(SolutionConfigurationPlatforms) = preSolution
		Debug|Any CPU = Debug|Any CPU
		Release|Any CPU = Release|Any CPU
	EndGlobalSection
	GlobalSection(ProjectConfigurationPlatforms) = postSolution
		{A3C5D0A4-BB0D-4109-98E3-8071DBF0F77F}.Debug|Any CPU.ActiveCfg = Debug|Any CPU
		{A3C5D0A4-BB0D-4109-98E3-8071DBF0F77F}.Debug|Any CPU.Build.0 = Debug|Any CPU
		{A3C5D0A4-BB0D-4109-98E3-8071DBF0F77F}.Release|Any CPU.ActiveCfg = Release|Any CPU
		{A3C5D0A4-BB0D-4109-98E3-8071DBF0F77F}.Release|Any CPU.Build.0 = Release|Any CPU
	EndGlobalSection
	GlobalSection(SolutionProperties) = preSolution
		HideSolutionNode = FALSE
	EndGlobalSection
	GlobalSection(ExtensibilityGlobals) = postSolution
		SolutionGuid = {D50401D0-63D4-4EF5-AFD8-401C231CB3F6}
	EndGlobalSection
EndGlobal
