
Microsoft Visual Studio Solution File, Format Version 12.00
# Visual Studio Version 16
VisualStudioVersion = 16.0.30523.141
MinimumVisualStudioVersion = 10.0.40219.1
Project("{FAE04EC0-301F-11D3-BF4B-00C04F79EFBC}") = "Multi-Level_Inheritance", "Multi-Level_Inheritance\Multi-Level_Inheritance.csproj", "{3613C72E-0450-45A5-A90F-CA69347E293C}"
EndProject
Global
	GlobalSection(SolutionConfigurationPlatforms) = preSolution
		Debug|Any CPU = Debug|Any CPU
		Release|Any CPU = Release|Any CPU
	EndGlobalSection
	GlobalSection(ProjectConfigurationPlatforms) = postSolution
		{3613C72E-0450-45A5-A90F-CA69347E293C}.Debug|Any CPU.ActiveCfg = Debug|Any CPU
		{3613C72E-0450-45A5-A90F-CA69347E293C}.Debug|Any CPU.Build.0 = Debug|Any CPU
		{3613C72E-0450-45A5-A90F-CA69347E293C}.Release|Any CPU.ActiveCfg = Release|Any CPU
		{3613C72E-0450-45A5-A90F-CA69347E293C}.Release|Any CPU.Build.0 = Release|Any CPU
	EndGlobalSection
	GlobalSection(SolutionProperties) = preSolution
		HideSolutionNode = FALSE
	EndGlobalSection
	GlobalSection(ExtensibilityGlobals) = postSolution
		SolutionGuid = {5361510C-336E-411A-96A9-B7C8163D5174}
	EndGlobalSection
EndGlobal
