
Microsoft Visual Studio Solution File, Format Version 12.00
# Visual Studio Version 16
VisualStudioVersion = 16.0.30523.141
MinimumVisualStudioVersion = 10.0.40219.1
Project("{FAE04EC0-301F-11D3-BF4B-00C04F79EFBC}") = "DateTime_Demo", "DateTime_Demo\DateTime_Demo.csproj", "{3BC4B9D9-63C5-451A-861B-89F4E33BFCA8}"
EndProject
Global
	GlobalSection(SolutionConfigurationPlatforms) = preSolution
		Debug|Any CPU = Debug|Any CPU
		Release|Any CPU = Release|Any CPU
	EndGlobalSection
	GlobalSection(ProjectConfigurationPlatforms) = postSolution
		{3BC4B9D9-63C5-451A-861B-89F4E33BFCA8}.Debug|Any CPU.ActiveCfg = Debug|Any CPU
		{3BC4B9D9-63C5-451A-861B-89F4E33BFCA8}.Debug|Any CPU.Build.0 = Debug|Any CPU
		{3BC4B9D9-63C5-451A-861B-89F4E33BFCA8}.Release|Any CPU.ActiveCfg = Release|Any CPU
		{3BC4B9D9-63C5-451A-861B-89F4E33BFCA8}.Release|Any CPU.Build.0 = Release|Any CPU
	EndGlobalSection
	GlobalSection(SolutionProperties) = preSolution
		HideSolutionNode = FALSE
	EndGlobalSection
	GlobalSection(ExtensibilityGlobals) = postSolution
		SolutionGuid = {7FB02862-A068-4173-8062-575576618A99}
	EndGlobalSection
EndGlobal
