
Microsoft Visual Studio Solution File, Format Version 12.00
# Visual Studio Version 16
VisualStudioVersion = 16.0.30523.141
MinimumVisualStudioVersion = 10.0.40219.1
Project("{FAE04EC0-301F-11D3-BF4B-00C04F79EFBC}") = "Event_Demo", "Event_Demo\Event_Demo.csproj", "{95C38157-C51F-45CE-8A9C-B2F008E5ACFA}"
EndProject
Global
	GlobalSection(SolutionConfigurationPlatforms) = preSolution
		Debug|Any CPU = Debug|Any CPU
		Release|Any CPU = Release|Any CPU
	EndGlobalSection
	GlobalSection(ProjectConfigurationPlatforms) = postSolution
		{95C38157-C51F-45CE-8A9C-B2F008E5ACFA}.Debug|Any CPU.ActiveCfg = Debug|Any CPU
		{95C38157-C51F-45CE-8A9C-B2F008E5ACFA}.Debug|Any CPU.Build.0 = Debug|Any CPU
		{95C38157-C51F-45CE-8A9C-B2F008E5ACFA}.Release|Any CPU.ActiveCfg = Release|Any CPU
		{95C38157-C51F-45CE-8A9C-B2F008E5ACFA}.Release|Any CPU.Build.0 = Release|Any CPU
	EndGlobalSection
	GlobalSection(SolutionProperties) = preSolution
		HideSolutionNode = FALSE
	EndGlobalSection
	GlobalSection(ExtensibilityGlobals) = postSolution
		SolutionGuid = {DE1B26BA-42C3-4978-B415-DA5B16B0F546}
	EndGlobalSection
EndGlobal
