
Microsoft Visual Studio Solution File, Format Version 12.00
# Visual Studio Version 16
VisualStudioVersion = 16.0.30523.141
MinimumVisualStudioVersion = 10.0.40219.1
Project("{FAE04EC0-301F-11D3-BF4B-00C04F79EFBC}") = "String_Methods_Demo", "String_Methods_Demo\String_Methods_Demo.csproj", "{2CEA9446-AA2C-445B-BA52-EE4D76ED0FA5}"
EndProject
Global
	GlobalSection(SolutionConfigurationPlatforms) = preSolution
		Debug|Any CPU = Debug|Any CPU
		Release|Any CPU = Release|Any CPU
	EndGlobalSection
	GlobalSection(ProjectConfigurationPlatforms) = postSolution
		{2CEA9446-AA2C-445B-BA52-EE4D76ED0FA5}.Debug|Any CPU.ActiveCfg = Debug|Any CPU
		{2CEA9446-AA2C-445B-BA52-EE4D76ED0FA5}.Debug|Any CPU.Build.0 = Debug|Any CPU
		{2CEA9446-AA2C-445B-BA52-EE4D76ED0FA5}.Release|Any CPU.ActiveCfg = Release|Any CPU
		{2CEA9446-AA2C-445B-BA52-EE4D76ED0FA5}.Release|Any CPU.Build.0 = Release|Any CPU
	EndGlobalSection
	GlobalSection(SolutionProperties) = preSolution
		HideSolutionNode = FALSE
	EndGlobalSection
	GlobalSection(ExtensibilityGlobals) = postSolution
		SolutionGuid = {81408B48-0D2A-41A5-A841-CA7E16C2A0D7}
	EndGlobalSection
EndGlobal
