
Microsoft Visual Studio Solution File, Format Version 12.00
# Visual Studio Version 16
VisualStudioVersion = 16.0.30523.141
MinimumVisualStudioVersion = 10.0.40219.1
Project("{FAE04EC0-301F-11D3-BF4B-00C04F79EFBC}") = "ArrayList_Demo", "ArrayList_Demo\ArrayList_Demo.csproj", "{BC30D867-7D30-4D3A-A15D-E79B902B1C34}"
EndProject
Global
	GlobalSection(SolutionConfigurationPlatforms) = preSolution
		Debug|Any CPU = Debug|Any CPU
		Release|Any CPU = Release|Any CPU
	EndGlobalSection
	GlobalSection(ProjectConfigurationPlatforms) = postSolution
		{BC30D867-7D30-4D3A-A15D-E79B902B1C34}.Debug|Any CPU.ActiveCfg = Debug|Any CPU
		{BC30D867-7D30-4D3A-A15D-E79B902B1C34}.Debug|Any CPU.Build.0 = Debug|Any CPU
		{BC30D867-7D30-4D3A-A15D-E79B902B1C34}.Release|Any CPU.ActiveCfg = Release|Any CPU
		{BC30D867-7D30-4D3A-A15D-E79B902B1C34}.Release|Any CPU.Build.0 = Release|Any CPU
	EndGlobalSection
	GlobalSection(SolutionProperties) = preSolution
		HideSolutionNode = FALSE
	EndGlobalSection
	GlobalSection(ExtensibilityGlobals) = postSolution
		SolutionGuid = {A874CB56-0B44-4659-915C-F1BE77974D50}
	EndGlobalSection
EndGlobal
