
Microsoft Visual Studio Solution File, Format Version 12.00
# Visual Studio Version 16
VisualStudioVersion = 16.0.30523.141
MinimumVisualStudioVersion = 10.0.40219.1
Project("{FAE04EC0-301F-11D3-BF4B-00C04F79EFBC}") = "JsonSerialization", "JsonSerialization\JsonSerialization.csproj", "{17C45869-61DB-42EB-88AD-5C999B258EC5}"
EndProject
Global
	GlobalSection(SolutionConfigurationPlatforms) = preSolution
		Debug|Any CPU = Debug|Any CPU
		Release|Any CPU = Release|Any CPU
	EndGlobalSection
	GlobalSection(ProjectConfigurationPlatforms) = postSolution
		{17C45869-61DB-42EB-88AD-5C999B258EC5}.Debug|Any CPU.ActiveCfg = Debug|Any CPU
		{17C45869-61DB-42EB-88AD-5C999B258EC5}.Debug|Any CPU.Build.0 = Debug|Any CPU
		{17C45869-61DB-42EB-88AD-5C999B258EC5}.Release|Any CPU.ActiveCfg = Release|Any CPU
		{17C45869-61DB-42EB-88AD-5C999B258EC5}.Release|Any CPU.Build.0 = Release|Any CPU
	EndGlobalSection
	GlobalSection(SolutionProperties) = preSolution
		HideSolutionNode = FALSE
	EndGlobalSection
	GlobalSection(ExtensibilityGlobals) = postSolution
		SolutionGuid = {12A7FE27-EE22-4FBC-9329-7882858EE6FD}
	EndGlobalSection
EndGlobal
