
Microsoft Visual Studio Solution File, Format Version 12.00
# Visual Studio Version 16
VisualStudioVersion = 16.0.30523.141
MinimumVisualStudioVersion = 10.0.40219.1
Project("{FAE04EC0-301F-11D3-BF4B-00C04F79EFBC}") = "Interface_Demo", "Interface_Demo\Interface_Demo.csproj", "{41A94AEE-8981-4A2E-990A-983D578BDFA3}"
EndProject
Global
	GlobalSection(SolutionConfigurationPlatforms) = preSolution
		Debug|Any CPU = Debug|Any CPU
		Release|Any CPU = Release|Any CPU
	EndGlobalSection
	GlobalSection(ProjectConfigurationPlatforms) = postSolution
		{41A94AEE-8981-4A2E-990A-983D578BDFA3}.Debug|Any CPU.ActiveCfg = Debug|Any CPU
		{41A94AEE-8981-4A2E-990A-983D578BDFA3}.Debug|Any CPU.Build.0 = Debug|Any CPU
		{41A94AEE-8981-4A2E-990A-983D578BDFA3}.Release|Any CPU.ActiveCfg = Release|Any CPU
		{41A94AEE-8981-4A2E-990A-983D578BDFA3}.Release|Any CPU.Build.0 = Release|Any CPU
	EndGlobalSection
	GlobalSection(SolutionProperties) = preSolution
		HideSolutionNode = FALSE
	EndGlobalSection
	GlobalSection(ExtensibilityGlobals) = postSolution
		SolutionGuid = {F8BC0BD6-88E0-4083-8FE5-E99B44ADC465}
	EndGlobalSection
EndGlobal
