
Microsoft Visual Studio Solution File, Format Version 12.00
# Visual Studio Version 16
VisualStudioVersion = 16.0.30523.141
MinimumVisualStudioVersion = 10.0.40219.1
Project("{FAE04EC0-301F-11D3-BF4B-00C04F79EFBC}") = "SealedClass_Demo", "SealedClass_Demo\SealedClass_Demo.csproj", "{F225E463-9658-44AC-B8F4-1E41A611529E}"
EndProject
Global
	GlobalSection(SolutionConfigurationPlatforms) = preSolution
		Debug|Any CPU = Debug|Any CPU
		Release|Any CPU = Release|Any CPU
	EndGlobalSection
	GlobalSection(ProjectConfigurationPlatforms) = postSolution
		{F225E463-9658-44AC-B8F4-1E41A611529E}.Debug|Any CPU.ActiveCfg = Debug|Any CPU
		{F225E463-9658-44AC-B8F4-1E41A611529E}.Debug|Any CPU.Build.0 = Debug|Any CPU
		{F225E463-9658-44AC-B8F4-1E41A611529E}.Release|Any CPU.ActiveCfg = Release|Any CPU
		{F225E463-9658-44AC-B8F4-1E41A611529E}.Release|Any CPU.Build.0 = Release|Any CPU
	EndGlobalSection
	GlobalSection(SolutionProperties) = preSolution
		HideSolutionNode = FALSE
	EndGlobalSection
	GlobalSection(ExtensibilityGlobals) = postSolution
		SolutionGuid = {B88EFFDD-8917-4E81-86F2-6B7A553B590A}
	EndGlobalSection
EndGlobal
