
Microsoft Visual Studio Solution File, Format Version 12.00
# Visual Studio Version 16
VisualStudioVersion = 16.0.30523.141
MinimumVisualStudioVersion = 10.0.40219.1
Project("{FAE04EC0-301F-11D3-BF4B-00C04F79EFBC}") = "WebApi_HttpVerbs", "WebApi_HttpVerbs\WebApi_HttpVerbs.csproj", "{B1FA3929-33E8-41DA-80F6-0AC041804E54}"
EndProject
Global
	GlobalSection(SolutionConfigurationPlatforms) = preSolution
		Debug|Any CPU = Debug|Any CPU
		Release|Any CPU = Release|Any CPU
	EndGlobalSection
	GlobalSection(ProjectConfigurationPlatforms) = postSolution
		{B1FA3929-33E8-41DA-80F6-0AC041804E54}.Debug|Any CPU.ActiveCfg = Debug|Any CPU
		{B1FA3929-33E8-41DA-80F6-0AC041804E54}.Debug|Any CPU.Build.0 = Debug|Any CPU
		{B1FA3929-33E8-41DA-80F6-0AC041804E54}.Release|Any CPU.ActiveCfg = Release|Any CPU
		{B1FA3929-33E8-41DA-80F6-0AC041804E54}.Release|Any CPU.Build.0 = Release|Any CPU
	EndGlobalSection
	GlobalSection(SolutionProperties) = preSolution
		HideSolutionNode = FALSE
	EndGlobalSection
	GlobalSection(ExtensibilityGlobals) = postSolution
		SolutionGuid = {A3525088-7BC1-402A-BA54-E9CB4ED146F3}
	EndGlobalSection
EndGlobal
