
Microsoft Visual Studio Solution File, Format Version 12.00
# Visual Studio Version 16
VisualStudioVersion = 16.0.30523.141
MinimumVisualStudioVersion = 10.0.40219.1
Project("{FAE04EC0-301F-11D3-BF4B-00C04F79EFBC}") = "publicAccessModifier", "publicAccessModifier\publicAccessModifier.csproj", "{3AFE936A-0C3A-43A3-9171-82A6A546FE00}"
EndProject
Global
	GlobalSection(SolutionConfigurationPlatforms) = preSolution
		Debug|Any CPU = Debug|Any CPU
		Release|Any CPU = Release|Any CPU
	EndGlobalSection
	GlobalSection(ProjectConfigurationPlatforms) = postSolution
		{3AFE936A-0C3A-43A3-9171-82A6A546FE00}.Debug|Any CPU.ActiveCfg = Debug|Any CPU
		{3AFE936A-0C3A-43A3-9171-82A6A546FE00}.Debug|Any CPU.Build.0 = Debug|Any CPU
		{3AFE936A-0C3A-43A3-9171-82A6A546FE00}.Release|Any CPU.ActiveCfg = Release|Any CPU
		{3AFE936A-0C3A-43A3-9171-82A6A546FE00}.Release|Any CPU.Build.0 = Release|Any CPU
	EndGlobalSection
	GlobalSection(SolutionProperties) = preSolution
		HideSolutionNode = FALSE
	EndGlobalSection
	GlobalSection(ExtensibilityGlobals) = postSolution
		SolutionGuid = {BAE7D597-5508-4360-B31D-33B4C6F21262}
	EndGlobalSection
EndGlobal
