
Microsoft Visual Studio Solution File, Format Version 12.00
# Visual Studio Version 16
VisualStudioVersion = 16.0.30523.141
MinimumVisualStudioVersion = 10.0.40219.1
Project("{FAE04EC0-301F-11D3-BF4B-00C04F79EFBC}") = "PartialClass_Demo", "PartialClass_Demo\PartialClass_Demo.csproj", "{1F858BE2-0746-4CB5-8778-201A4CB029DF}"
EndProject
Global
	GlobalSection(SolutionConfigurationPlatforms) = preSolution
		Debug|Any CPU = Debug|Any CPU
		Release|Any CPU = Release|Any CPU
	EndGlobalSection
	GlobalSection(ProjectConfigurationPlatforms) = postSolution
		{1F858BE2-0746-4CB5-8778-201A4CB029DF}.Debug|Any CPU.ActiveCfg = Debug|Any CPU
		{1F858BE2-0746-4CB5-8778-201A4CB029DF}.Debug|Any CPU.Build.0 = Debug|Any CPU
		{1F858BE2-0746-4CB5-8778-201A4CB029DF}.Release|Any CPU.ActiveCfg = Release|Any CPU
		{1F858BE2-0746-4CB5-8778-201A4CB029DF}.Release|Any CPU.Build.0 = Release|Any CPU
	EndGlobalSection
	GlobalSection(SolutionProperties) = preSolution
		HideSolutionNode = FALSE
	EndGlobalSection
	GlobalSection(ExtensibilityGlobals) = postSolution
		SolutionGuid = {921C03E6-0441-4D3E-848E-BF2AB3700006}
	EndGlobalSection
EndGlobal
