
Microsoft Visual Studio Solution File, Format Version 12.00
# Visual Studio Version 16
VisualStudioVersion = 16.0.30523.141
MinimumVisualStudioVersion = 10.0.40219.1
Project("{FAE04EC0-301F-11D3-BF4B-00C04F79EFBC}") = "internalAccessModifier", "internalAccessModifier\internalAccessModifier.csproj", "{F61CB10E-DD4A-4736-9D71-83F3C24880B9}"
EndProject
Global
	GlobalSection(SolutionConfigurationPlatforms) = preSolution
		Debug|Any CPU = Debug|Any CPU
		Release|Any CPU = Release|Any CPU
	EndGlobalSection
	GlobalSection(ProjectConfigurationPlatforms) = postSolution
		{F61CB10E-DD4A-4736-9D71-83F3C24880B9}.Debug|Any CPU.ActiveCfg = Debug|Any CPU
		{F61CB10E-DD4A-4736-9D71-83F3C24880B9}.Debug|Any CPU.Build.0 = Debug|Any CPU
		{F61CB10E-DD4A-4736-9D71-83F3C24880B9}.Release|Any CPU.ActiveCfg = Release|Any CPU
		{F61CB10E-DD4A-4736-9D71-83F3C24880B9}.Release|Any CPU.Build.0 = Release|Any CPU
	EndGlobalSection
	GlobalSection(SolutionProperties) = preSolution
		HideSolutionNode = FALSE
	EndGlobalSection
	GlobalSection(ExtensibilityGlobals) = postSolution
		SolutionGuid = {6DEC0A11-8E03-4976-A632-E0B78E73D16D}
	EndGlobalSection
EndGlobal
