
Microsoft Visual Studio Solution File, Format Version 12.00
# Visual Studio Version 16
VisualStudioVersion = 16.0.30523.141
MinimumVisualStudioVersion = 10.0.40219.1
Project("{FAE04EC0-301F-11D3-BF4B-00C04F79EFBC}") = "Enumerations", "Enumerations\Enumerations.csproj", "{098BE4C3-DB0D-4008-9671-F99A59EE4DFA}"
EndProject
Global
	GlobalSection(SolutionConfigurationPlatforms) = preSolution
		Debug|Any CPU = Debug|Any CPU
		Release|Any CPU = Release|Any CPU
	EndGlobalSection
	GlobalSection(ProjectConfigurationPlatforms) = postSolution
		{098BE4C3-DB0D-4008-9671-F99A59EE4DFA}.Debug|Any CPU.ActiveCfg = Debug|Any CPU
		{098BE4C3-DB0D-4008-9671-F99A59EE4DFA}.Debug|Any CPU.Build.0 = Debug|Any CPU
		{098BE4C3-DB0D-4008-9671-F99A59EE4DFA}.Release|Any CPU.ActiveCfg = Release|Any CPU
		{098BE4C3-DB0D-4008-9671-F99A59EE4DFA}.Release|Any CPU.Build.0 = Release|Any CPU
	EndGlobalSection
	GlobalSection(SolutionProperties) = preSolution
		HideSolutionNode = FALSE
	EndGlobalSection
	GlobalSection(ExtensibilityGlobals) = postSolution
		SolutionGuid = {0100F4EB-6678-4B08-952C-694C62FB6910}
	EndGlobalSection
EndGlobal
