
Microsoft Visual Studio Solution File, Format Version 12.00
# Visual Studio Version 16
VisualStudioVersion = 16.0.30523.141
MinimumVisualStudioVersion = 10.0.40219.1
Project("{FAE04EC0-301F-11D3-BF4B-00C04F79EFBC}") = "ExceptionHandlingDemo", "ExceptionHandlingDemo\ExceptionHandlingDemo.csproj", "{D5273D42-1407-4769-AB91-461E37761C3C}"
EndProject
Global
	GlobalSection(SolutionConfigurationPlatforms) = preSolution
		Debug|Any CPU = Debug|Any CPU
		Release|Any CPU = Release|Any CPU
	EndGlobalSection
	GlobalSection(ProjectConfigurationPlatforms) = postSolution
		{D5273D42-1407-4769-AB91-461E37761C3C}.Debug|Any CPU.ActiveCfg = Debug|Any CPU
		{D5273D42-1407-4769-AB91-461E37761C3C}.Debug|Any CPU.Build.0 = Debug|Any CPU
		{D5273D42-1407-4769-AB91-461E37761C3C}.Release|Any CPU.ActiveCfg = Release|Any CPU
		{D5273D42-1407-4769-AB91-461E37761C3C}.Release|Any CPU.Build.0 = Release|Any CPU
	EndGlobalSection
	GlobalSection(SolutionProperties) = preSolution
		HideSolutionNode = FALSE
	EndGlobalSection
	GlobalSection(ExtensibilityGlobals) = postSolution
		SolutionGuid = {BD08E238-636F-44BA-93AA-AA18CCBF46D7}
	EndGlobalSection
EndGlobal
